
Microsoft Visual Studio Solution File, Format Version 12.00
# Visual Studio Version 16
VisualStudioVersion = 16.0.31702.278
MinimumVisualStudioVersion = 10.0.40219.1
Project("{FAE04EC0-301F-11D3-BF4B-00C04F79EFBC}") = "CS3280 Group Project", "CS3280 Group Project.csproj", "{DED51E5C-A1C1-447A-9E25-17C6B8CFC1EB}"
EndProject
Global
	GlobalSection(SolutionConfigurationPlatforms) = preSolution
		Debug|Any CPU = Debug|Any CPU
		Release|Any CPU = Release|Any CPU
	EndGlobalSection
	GlobalSection(ProjectConfigurationPlatforms) = postSolution
		{DED51E5C-A1C1-447A-9E25-17C6B8CFC1EB}.Debug|Any CPU.ActiveCfg = Debug|Any CPU
		{DED51E5C-A1C1-447A-9E25-17C6B8CFC1EB}.Debug|Any CPU.Build.0 = Debug|Any CPU
		{DED51E5C-A1C1-447A-9E25-17C6B8CFC1EB}.Release|Any CPU.ActiveCfg = Release|Any CPU
		{DED51E5C-A1C1-447A-9E25-17C6B8CFC1EB}.Release|Any CPU.Build.0 = Release|Any CPU
	EndGlobalSection
	GlobalSection(SolutionProperties) = preSolution
		HideSolutionNode = FALSE
	EndGlobalSection
	GlobalSection(ExtensibilityGlobals) = postSolution
		SolutionGuid = {319A45FC-9E0B-48D0-934D-BD8EE8165917}
	EndGlobalSection
EndGlobal
